// !$*UTF8*$!
{
	archiveVersion = 1;
	classes = {
	};
	objectVersion = 46;
	objects = {

/* Begin PBXAggregateTarget section */
		"S4TF_To_CoreML::S4TF_To_CoreMLPackageTests::ProductTarget" /* S4TF_To_CoreMLPackageTests */ = {
			isa = PBXAggregateTarget;
			buildConfigurationList = OBJ_185 /* Build configuration list for PBXAggregateTarget "S4TF_To_CoreMLPackageTests" */;
			buildPhases = (
			);
			dependencies = (
				OBJ_188 /* PBXTargetDependency */,
			);
			name = S4TF_To_CoreMLPackageTests;
			productName = S4TF_To_CoreMLPackageTests;
		};
/* End PBXAggregateTarget section */

/* Begin PBXBuildFile section */
		OBJ_143 /* ArrayFeatureExtractor.pb.swift in Sources */ = {isa = PBXBuildFile; fileRef = OBJ_10 /* ArrayFeatureExtractor.pb.swift */; };
		OBJ_144 /* BayesianProbitRegressor.pb.swift in Sources */ = {isa = PBXBuildFile; fileRef = OBJ_11 /* BayesianProbitRegressor.pb.swift */; };
		OBJ_145 /* CategoricalMapping.pb.swift in Sources */ = {isa = PBXBuildFile; fileRef = OBJ_12 /* CategoricalMapping.pb.swift */; };
		OBJ_146 /* CustomModel.pb.swift in Sources */ = {isa = PBXBuildFile; fileRef = OBJ_13 /* CustomModel.pb.swift */; };
		OBJ_147 /* DataStructures.pb.swift in Sources */ = {isa = PBXBuildFile; fileRef = OBJ_14 /* DataStructures.pb.swift */; };
		OBJ_148 /* DictVectorizer.pb.swift in Sources */ = {isa = PBXBuildFile; fileRef = OBJ_15 /* DictVectorizer.pb.swift */; };
		OBJ_149 /* FeatureTypes.pb.swift in Sources */ = {isa = PBXBuildFile; fileRef = OBJ_16 /* FeatureTypes.pb.swift */; };
		OBJ_150 /* FeatureVectorizer.pb.swift in Sources */ = {isa = PBXBuildFile; fileRef = OBJ_17 /* FeatureVectorizer.pb.swift */; };
		OBJ_151 /* GLMClassifier.pb.swift in Sources */ = {isa = PBXBuildFile; fileRef = OBJ_18 /* GLMClassifier.pb.swift */; };
		OBJ_152 /* GLMRegressor.pb.swift in Sources */ = {isa = PBXBuildFile; fileRef = OBJ_19 /* GLMRegressor.pb.swift */; };
		OBJ_153 /* Gazetteer.pb.swift in Sources */ = {isa = PBXBuildFile; fileRef = OBJ_20 /* Gazetteer.pb.swift */; };
		OBJ_154 /* Identity.pb.swift in Sources */ = {isa = PBXBuildFile; fileRef = OBJ_21 /* Identity.pb.swift */; };
		OBJ_155 /* Imputer.pb.swift in Sources */ = {isa = PBXBuildFile; fileRef = OBJ_22 /* Imputer.pb.swift */; };
		OBJ_156 /* ItemSimilarityRecommender.pb.swift in Sources */ = {isa = PBXBuildFile; fileRef = OBJ_23 /* ItemSimilarityRecommender.pb.swift */; };
		OBJ_157 /* LinkedModel.pb.swift in Sources */ = {isa = PBXBuildFile; fileRef = OBJ_24 /* LinkedModel.pb.swift */; };
		OBJ_158 /* Model.pb.swift in Sources */ = {isa = PBXBuildFile; fileRef = OBJ_25 /* Model.pb.swift */; };
		OBJ_159 /* NearestNeighbors.pb.swift in Sources */ = {isa = PBXBuildFile; fileRef = OBJ_26 /* NearestNeighbors.pb.swift */; };
		OBJ_160 /* NeuralNetwork.pb.swift in Sources */ = {isa = PBXBuildFile; fileRef = OBJ_27 /* NeuralNetwork.pb.swift */; };
		OBJ_161 /* NonMaximumSuppression.pb.swift in Sources */ = {isa = PBXBuildFile; fileRef = OBJ_28 /* NonMaximumSuppression.pb.swift */; };
		OBJ_162 /* Normalizer.pb.swift in Sources */ = {isa = PBXBuildFile; fileRef = OBJ_29 /* Normalizer.pb.swift */; };
		OBJ_163 /* OneHotEncoder.pb.swift in Sources */ = {isa = PBXBuildFile; fileRef = OBJ_30 /* OneHotEncoder.pb.swift */; };
		OBJ_164 /* Parameters.pb.swift in Sources */ = {isa = PBXBuildFile; fileRef = OBJ_31 /* Parameters.pb.swift */; };
		OBJ_165 /* SVM.pb.swift in Sources */ = {isa = PBXBuildFile; fileRef = OBJ_32 /* SVM.pb.swift */; };
		OBJ_166 /* Scaler.pb.swift in Sources */ = {isa = PBXBuildFile; fileRef = OBJ_33 /* Scaler.pb.swift */; };
		OBJ_167 /* SoundAnalysisPreprocessing.pb.swift in Sources */ = {isa = PBXBuildFile; fileRef = OBJ_34 /* SoundAnalysisPreprocessing.pb.swift */; };
		OBJ_168 /* TextClassifier.pb.swift in Sources */ = {isa = PBXBuildFile; fileRef = OBJ_35 /* TextClassifier.pb.swift */; };
		OBJ_169 /* TreeEnsemble.pb.swift in Sources */ = {isa = PBXBuildFile; fileRef = OBJ_36 /* TreeEnsemble.pb.swift */; };
		OBJ_170 /* VisionFeaturePrint.pb.swift in Sources */ = {isa = PBXBuildFile; fileRef = OBJ_37 /* VisionFeaturePrint.pb.swift */; };
		OBJ_171 /* WordEmbedding.pb.swift in Sources */ = {isa = PBXBuildFile; fileRef = OBJ_38 /* WordEmbedding.pb.swift */; };
		OBJ_172 /* WordTagger.pb.swift in Sources */ = {isa = PBXBuildFile; fileRef = OBJ_39 /* WordTagger.pb.swift */; };
		OBJ_173 /* main.swift in Sources */ = {isa = PBXBuildFile; fileRef = OBJ_40 /* main.swift */; };
		OBJ_175 /* SwiftProtobuf.framework in Frameworks */ = {isa = PBXBuildFile; fileRef = "SwiftProtobuf::SwiftProtobuf::Product" /* SwiftProtobuf.framework */; };
		OBJ_183 /* Package.swift in Sources */ = {isa = PBXBuildFile; fileRef = OBJ_6 /* Package.swift */; };
		OBJ_194 /* S4TF_To_CoreMLTests.swift in Sources */ = {isa = PBXBuildFile; fileRef = OBJ_43 /* S4TF_To_CoreMLTests.swift */; };
		OBJ_195 /* XCTestManifests.swift in Sources */ = {isa = PBXBuildFile; fileRef = OBJ_44 /* XCTestManifests.swift */; };
		OBJ_197 /* SwiftProtobuf.framework in Frameworks */ = {isa = PBXBuildFile; fileRef = "SwiftProtobuf::SwiftProtobuf::Product" /* SwiftProtobuf.framework */; };
		OBJ_204 /* AnyMessageStorage.swift in Sources */ = {isa = PBXBuildFile; fileRef = OBJ_49 /* AnyMessageStorage.swift */; };
		OBJ_205 /* AnyUnpackError.swift in Sources */ = {isa = PBXBuildFile; fileRef = OBJ_50 /* AnyUnpackError.swift */; };
		OBJ_206 /* BinaryDecoder.swift in Sources */ = {isa = PBXBuildFile; fileRef = OBJ_51 /* BinaryDecoder.swift */; };
		OBJ_207 /* BinaryDecodingError.swift in Sources */ = {isa = PBXBuildFile; fileRef = OBJ_52 /* BinaryDecodingError.swift */; };
		OBJ_208 /* BinaryDecodingOptions.swift in Sources */ = {isa = PBXBuildFile; fileRef = OBJ_53 /* BinaryDecodingOptions.swift */; };
		OBJ_209 /* BinaryDelimited.swift in Sources */ = {isa = PBXBuildFile; fileRef = OBJ_54 /* BinaryDelimited.swift */; };
		OBJ_210 /* BinaryEncoder.swift in Sources */ = {isa = PBXBuildFile; fileRef = OBJ_55 /* BinaryEncoder.swift */; };
		OBJ_211 /* BinaryEncodingError.swift in Sources */ = {isa = PBXBuildFile; fileRef = OBJ_56 /* BinaryEncodingError.swift */; };
		OBJ_212 /* BinaryEncodingSizeVisitor.swift in Sources */ = {isa = PBXBuildFile; fileRef = OBJ_57 /* BinaryEncodingSizeVisitor.swift */; };
		OBJ_213 /* BinaryEncodingVisitor.swift in Sources */ = {isa = PBXBuildFile; fileRef = OBJ_58 /* BinaryEncodingVisitor.swift */; };
		OBJ_214 /* CustomJSONCodable.swift in Sources */ = {isa = PBXBuildFile; fileRef = OBJ_59 /* CustomJSONCodable.swift */; };
		OBJ_215 /* Data+Extensions.swift in Sources */ = {isa = PBXBuildFile; fileRef = OBJ_60 /* Data+Extensions.swift */; };
		OBJ_216 /* Decoder.swift in Sources */ = {isa = PBXBuildFile; fileRef = OBJ_61 /* Decoder.swift */; };
		OBJ_217 /* DoubleParser.swift in Sources */ = {isa = PBXBuildFile; fileRef = OBJ_62 /* DoubleParser.swift */; };
		OBJ_218 /* Enum.swift in Sources */ = {isa = PBXBuildFile; fileRef = OBJ_63 /* Enum.swift */; };
		OBJ_219 /* ExtensibleMessage.swift in Sources */ = {isa = PBXBuildFile; fileRef = OBJ_64 /* ExtensibleMessage.swift */; };
		OBJ_220 /* ExtensionFieldValueSet.swift in Sources */ = {isa = PBXBuildFile; fileRef = OBJ_65 /* ExtensionFieldValueSet.swift */; };
		OBJ_221 /* ExtensionFields.swift in Sources */ = {isa = PBXBuildFile; fileRef = OBJ_66 /* ExtensionFields.swift */; };
		OBJ_222 /* ExtensionMap.swift in Sources */ = {isa = PBXBuildFile; fileRef = OBJ_67 /* ExtensionMap.swift */; };
		OBJ_223 /* FieldTag.swift in Sources */ = {isa = PBXBuildFile; fileRef = OBJ_68 /* FieldTag.swift */; };
		OBJ_224 /* FieldTypes.swift in Sources */ = {isa = PBXBuildFile; fileRef = OBJ_69 /* FieldTypes.swift */; };
		OBJ_225 /* Google_Protobuf_Any+Extensions.swift in Sources */ = {isa = PBXBuildFile; fileRef = OBJ_70 /* Google_Protobuf_Any+Extensions.swift */; };
		OBJ_226 /* Google_Protobuf_Any+Registry.swift in Sources */ = {isa = PBXBuildFile; fileRef = OBJ_71 /* Google_Protobuf_Any+Registry.swift */; };
		OBJ_227 /* Google_Protobuf_Duration+Extensions.swift in Sources */ = {isa = PBXBuildFile; fileRef = OBJ_72 /* Google_Protobuf_Duration+Extensions.swift */; };
		OBJ_228 /* Google_Protobuf_FieldMask+Extensions.swift in Sources */ = {isa = PBXBuildFile; fileRef = OBJ_73 /* Google_Protobuf_FieldMask+Extensions.swift */; };
		OBJ_229 /* Google_Protobuf_ListValue+Extensions.swift in Sources */ = {isa = PBXBuildFile; fileRef = OBJ_74 /* Google_Protobuf_ListValue+Extensions.swift */; };
		OBJ_230 /* Google_Protobuf_Struct+Extensions.swift in Sources */ = {isa = PBXBuildFile; fileRef = OBJ_75 /* Google_Protobuf_Struct+Extensions.swift */; };
		OBJ_231 /* Google_Protobuf_Timestamp+Extensions.swift in Sources */ = {isa = PBXBuildFile; fileRef = OBJ_76 /* Google_Protobuf_Timestamp+Extensions.swift */; };
		OBJ_232 /* Google_Protobuf_Value+Extensions.swift in Sources */ = {isa = PBXBuildFile; fileRef = OBJ_77 /* Google_Protobuf_Value+Extensions.swift */; };
		OBJ_233 /* Google_Protobuf_Wrappers+Extensions.swift in Sources */ = {isa = PBXBuildFile; fileRef = OBJ_78 /* Google_Protobuf_Wrappers+Extensions.swift */; };
		OBJ_234 /* HashVisitor.swift in Sources */ = {isa = PBXBuildFile; fileRef = OBJ_79 /* HashVisitor.swift */; };
		OBJ_235 /* Internal.swift in Sources */ = {isa = PBXBuildFile; fileRef = OBJ_80 /* Internal.swift */; };
		OBJ_236 /* JSONDecoder.swift in Sources */ = {isa = PBXBuildFile; fileRef = OBJ_81 /* JSONDecoder.swift */; };
		OBJ_237 /* JSONDecodingError.swift in Sources */ = {isa = PBXBuildFile; fileRef = OBJ_82 /* JSONDecodingError.swift */; };
		OBJ_238 /* JSONDecodingOptions.swift in Sources */ = {isa = PBXBuildFile; fileRef = OBJ_83 /* JSONDecodingOptions.swift */; };
		OBJ_239 /* JSONEncoder.swift in Sources */ = {isa = PBXBuildFile; fileRef = OBJ_84 /* JSONEncoder.swift */; };
		OBJ_240 /* JSONEncodingError.swift in Sources */ = {isa = PBXBuildFile; fileRef = OBJ_85 /* JSONEncodingError.swift */; };
		OBJ_241 /* JSONEncodingOptions.swift in Sources */ = {isa = PBXBuildFile; fileRef = OBJ_86 /* JSONEncodingOptions.swift */; };
		OBJ_242 /* JSONEncodingVisitor.swift in Sources */ = {isa = PBXBuildFile; fileRef = OBJ_87 /* JSONEncodingVisitor.swift */; };
		OBJ_243 /* JSONMapEncodingVisitor.swift in Sources */ = {isa = PBXBuildFile; fileRef = OBJ_88 /* JSONMapEncodingVisitor.swift */; };
		OBJ_244 /* JSONScanner.swift in Sources */ = {isa = PBXBuildFile; fileRef = OBJ_89 /* JSONScanner.swift */; };
		OBJ_245 /* MathUtils.swift in Sources */ = {isa = PBXBuildFile; fileRef = OBJ_90 /* MathUtils.swift */; };
		OBJ_246 /* Message+AnyAdditions.swift in Sources */ = {isa = PBXBuildFile; fileRef = OBJ_91 /* Message+AnyAdditions.swift */; };
		OBJ_247 /* Message+BinaryAdditions.swift in Sources */ = {isa = PBXBuildFile; fileRef = OBJ_92 /* Message+BinaryAdditions.swift */; };
		OBJ_248 /* Message+JSONAdditions.swift in Sources */ = {isa = PBXBuildFile; fileRef = OBJ_93 /* Message+JSONAdditions.swift */; };
		OBJ_249 /* Message+JSONArrayAdditions.swift in Sources */ = {isa = PBXBuildFile; fileRef = OBJ_94 /* Message+JSONArrayAdditions.swift */; };
		OBJ_250 /* Message+TextFormatAdditions.swift in Sources */ = {isa = PBXBuildFile; fileRef = OBJ_95 /* Message+TextFormatAdditions.swift */; };
		OBJ_251 /* Message.swift in Sources */ = {isa = PBXBuildFile; fileRef = OBJ_96 /* Message.swift */; };
		OBJ_252 /* MessageExtension.swift in Sources */ = {isa = PBXBuildFile; fileRef = OBJ_97 /* MessageExtension.swift */; };
		OBJ_253 /* NameMap.swift in Sources */ = {isa = PBXBuildFile; fileRef = OBJ_98 /* NameMap.swift */; };
		OBJ_254 /* ProtoNameProviding.swift in Sources */ = {isa = PBXBuildFile; fileRef = OBJ_99 /* ProtoNameProviding.swift */; };
		OBJ_255 /* ProtobufAPIVersionCheck.swift in Sources */ = {isa = PBXBuildFile; fileRef = OBJ_100 /* ProtobufAPIVersionCheck.swift */; };
		OBJ_256 /* ProtobufMap.swift in Sources */ = {isa = PBXBuildFile; fileRef = OBJ_101 /* ProtobufMap.swift */; };
		OBJ_257 /* SelectiveVisitor.swift in Sources */ = {isa = PBXBuildFile; fileRef = OBJ_102 /* SelectiveVisitor.swift */; };
		OBJ_258 /* SimpleExtensionMap.swift in Sources */ = {isa = PBXBuildFile; fileRef = OBJ_103 /* SimpleExtensionMap.swift */; };
		OBJ_259 /* StringUtils.swift in Sources */ = {isa = PBXBuildFile; fileRef = OBJ_104 /* StringUtils.swift */; };
		OBJ_260 /* TextFormatDecoder.swift in Sources */ = {isa = PBXBuildFile; fileRef = OBJ_105 /* TextFormatDecoder.swift */; };
		OBJ_261 /* TextFormatDecodingError.swift in Sources */ = {isa = PBXBuildFile; fileRef = OBJ_106 /* TextFormatDecodingError.swift */; };
		OBJ_262 /* TextFormatEncoder.swift in Sources */ = {isa = PBXBuildFile; fileRef = OBJ_107 /* TextFormatEncoder.swift */; };
		OBJ_263 /* TextFormatEncodingOptions.swift in Sources */ = {isa = PBXBuildFile; fileRef = OBJ_108 /* TextFormatEncodingOptions.swift */; };
		OBJ_264 /* TextFormatEncodingVisitor.swift in Sources */ = {isa = PBXBuildFile; fileRef = OBJ_109 /* TextFormatEncodingVisitor.swift */; };
		OBJ_265 /* TextFormatScanner.swift in Sources */ = {isa = PBXBuildFile; fileRef = OBJ_110 /* TextFormatScanner.swift */; };
		OBJ_266 /* TimeUtils.swift in Sources */ = {isa = PBXBuildFile; fileRef = OBJ_111 /* TimeUtils.swift */; };
		OBJ_267 /* UnknownStorage.swift in Sources */ = {isa = PBXBuildFile; fileRef = OBJ_112 /* UnknownStorage.swift */; };
		OBJ_268 /* Varint.swift in Sources */ = {isa = PBXBuildFile; fileRef = OBJ_113 /* Varint.swift */; };
		OBJ_269 /* Version.swift in Sources */ = {isa = PBXBuildFile; fileRef = OBJ_114 /* Version.swift */; };
		OBJ_270 /* Visitor.swift in Sources */ = {isa = PBXBuildFile; fileRef = OBJ_115 /* Visitor.swift */; };
		OBJ_271 /* WireFormat.swift in Sources */ = {isa = PBXBuildFile; fileRef = OBJ_116 /* WireFormat.swift */; };
		OBJ_272 /* ZigZag.swift in Sources */ = {isa = PBXBuildFile; fileRef = OBJ_117 /* ZigZag.swift */; };
		OBJ_273 /* any.pb.swift in Sources */ = {isa = PBXBuildFile; fileRef = OBJ_118 /* any.pb.swift */; };
		OBJ_274 /* api.pb.swift in Sources */ = {isa = PBXBuildFile; fileRef = OBJ_119 /* api.pb.swift */; };
		OBJ_275 /* descriptor.pb.swift in Sources */ = {isa = PBXBuildFile; fileRef = OBJ_120 /* descriptor.pb.swift */; };
		OBJ_276 /* duration.pb.swift in Sources */ = {isa = PBXBuildFile; fileRef = OBJ_121 /* duration.pb.swift */; };
		OBJ_277 /* empty.pb.swift in Sources */ = {isa = PBXBuildFile; fileRef = OBJ_122 /* empty.pb.swift */; };
		OBJ_278 /* field_mask.pb.swift in Sources */ = {isa = PBXBuildFile; fileRef = OBJ_123 /* field_mask.pb.swift */; };
		OBJ_279 /* source_context.pb.swift in Sources */ = {isa = PBXBuildFile; fileRef = OBJ_124 /* source_context.pb.swift */; };
		OBJ_280 /* struct.pb.swift in Sources */ = {isa = PBXBuildFile; fileRef = OBJ_125 /* struct.pb.swift */; };
		OBJ_281 /* timestamp.pb.swift in Sources */ = {isa = PBXBuildFile; fileRef = OBJ_126 /* timestamp.pb.swift */; };
		OBJ_282 /* type.pb.swift in Sources */ = {isa = PBXBuildFile; fileRef = OBJ_127 /* type.pb.swift */; };
		OBJ_283 /* wrappers.pb.swift in Sources */ = {isa = PBXBuildFile; fileRef = OBJ_128 /* wrappers.pb.swift */; };
		OBJ_290 /* Package.swift in Sources */ = {isa = PBXBuildFile; fileRef = OBJ_131 /* Package.swift */; };
/* End PBXBuildFile section */

/* Begin PBXContainerItemProxy section */
		EA3885AA23B0000B003CDE4F /* PBXContainerItemProxy */ = {
			isa = PBXContainerItemProxy;
			containerPortal = OBJ_1 /* Project object */;
			proxyType = 1;
			remoteGlobalIDString = "SwiftProtobuf::SwiftProtobuf";
			remoteInfo = SwiftProtobuf;
		};
		EA3885AB23B0000C003CDE4F /* PBXContainerItemProxy */ = {
			isa = PBXContainerItemProxy;
			containerPortal = OBJ_1 /* Project object */;
			proxyType = 1;
			remoteGlobalIDString = "S4TF_To_CoreML::S4TF_To_CoreML";
			remoteInfo = S4TF_To_CoreML;
		};
		EA3885AC23B0000C003CDE4F /* PBXContainerItemProxy */ = {
			isa = PBXContainerItemProxy;
			containerPortal = OBJ_1 /* Project object */;
			proxyType = 1;
			remoteGlobalIDString = "SwiftProtobuf::SwiftProtobuf";
			remoteInfo = SwiftProtobuf;
		};
		EA3885AD23B0000E003CDE4F /* PBXContainerItemProxy */ = {
			isa = PBXContainerItemProxy;
			containerPortal = OBJ_1 /* Project object */;
			proxyType = 1;
			remoteGlobalIDString = "S4TF_To_CoreML::S4TF_To_CoreMLTests";
			remoteInfo = S4TF_To_CoreMLTests;
		};
/* End PBXContainerItemProxy section */

/* Begin PBXFileReference section */
		OBJ_10 /* ArrayFeatureExtractor.pb.swift */ = {isa = PBXFileReference; lastKnownFileType = sourcecode.swift; path = ArrayFeatureExtractor.pb.swift; sourceTree = "<group>"; };
		OBJ_100 /* ProtobufAPIVersionCheck.swift */ = {isa = PBXFileReference; lastKnownFileType = sourcecode.swift; path = ProtobufAPIVersionCheck.swift; sourceTree = "<group>"; };
		OBJ_101 /* ProtobufMap.swift */ = {isa = PBXFileReference; lastKnownFileType = sourcecode.swift; path = ProtobufMap.swift; sourceTree = "<group>"; };
		OBJ_102 /* SelectiveVisitor.swift */ = {isa = PBXFileReference; lastKnownFileType = sourcecode.swift; path = SelectiveVisitor.swift; sourceTree = "<group>"; };
		OBJ_103 /* SimpleExtensionMap.swift */ = {isa = PBXFileReference; lastKnownFileType = sourcecode.swift; path = SimpleExtensionMap.swift; sourceTree = "<group>"; };
		OBJ_104 /* StringUtils.swift */ = {isa = PBXFileReference; lastKnownFileType = sourcecode.swift; path = StringUtils.swift; sourceTree = "<group>"; };
		OBJ_105 /* TextFormatDecoder.swift */ = {isa = PBXFileReference; lastKnownFileType = sourcecode.swift; path = TextFormatDecoder.swift; sourceTree = "<group>"; };
		OBJ_106 /* TextFormatDecodingError.swift */ = {isa = PBXFileReference; lastKnownFileType = sourcecode.swift; path = TextFormatDecodingError.swift; sourceTree = "<group>"; };
		OBJ_107 /* TextFormatEncoder.swift */ = {isa = PBXFileReference; lastKnownFileType = sourcecode.swift; path = TextFormatEncoder.swift; sourceTree = "<group>"; };
		OBJ_108 /* TextFormatEncodingOptions.swift */ = {isa = PBXFileReference; lastKnownFileType = sourcecode.swift; path = TextFormatEncodingOptions.swift; sourceTree = "<group>"; };
		OBJ_109 /* TextFormatEncodingVisitor.swift */ = {isa = PBXFileReference; lastKnownFileType = sourcecode.swift; path = TextFormatEncodingVisitor.swift; sourceTree = "<group>"; };
		OBJ_11 /* BayesianProbitRegressor.pb.swift */ = {isa = PBXFileReference; lastKnownFileType = sourcecode.swift; path = BayesianProbitRegressor.pb.swift; sourceTree = "<group>"; };
		OBJ_110 /* TextFormatScanner.swift */ = {isa = PBXFileReference; lastKnownFileType = sourcecode.swift; path = TextFormatScanner.swift; sourceTree = "<group>"; };
		OBJ_111 /* TimeUtils.swift */ = {isa = PBXFileReference; lastKnownFileType = sourcecode.swift; path = TimeUtils.swift; sourceTree = "<group>"; };
		OBJ_112 /* UnknownStorage.swift */ = {isa = PBXFileReference; lastKnownFileType = sourcecode.swift; path = UnknownStorage.swift; sourceTree = "<group>"; };
		OBJ_113 /* Varint.swift */ = {isa = PBXFileReference; lastKnownFileType = sourcecode.swift; path = Varint.swift; sourceTree = "<group>"; };
		OBJ_114 /* Version.swift */ = {isa = PBXFileReference; lastKnownFileType = sourcecode.swift; path = Version.swift; sourceTree = "<group>"; };
		OBJ_115 /* Visitor.swift */ = {isa = PBXFileReference; lastKnownFileType = sourcecode.swift; path = Visitor.swift; sourceTree = "<group>"; };
		OBJ_116 /* WireFormat.swift */ = {isa = PBXFileReference; lastKnownFileType = sourcecode.swift; path = WireFormat.swift; sourceTree = "<group>"; };
		OBJ_117 /* ZigZag.swift */ = {isa = PBXFileReference; lastKnownFileType = sourcecode.swift; path = ZigZag.swift; sourceTree = "<group>"; };
		OBJ_118 /* any.pb.swift */ = {isa = PBXFileReference; lastKnownFileType = sourcecode.swift; path = any.pb.swift; sourceTree = "<group>"; };
		OBJ_119 /* api.pb.swift */ = {isa = PBXFileReference; lastKnownFileType = sourcecode.swift; path = api.pb.swift; sourceTree = "<group>"; };
		OBJ_12 /* CategoricalMapping.pb.swift */ = {isa = PBXFileReference; lastKnownFileType = sourcecode.swift; path = CategoricalMapping.pb.swift; sourceTree = "<group>"; };
		OBJ_120 /* descriptor.pb.swift */ = {isa = PBXFileReference; lastKnownFileType = sourcecode.swift; path = descriptor.pb.swift; sourceTree = "<group>"; };
		OBJ_121 /* duration.pb.swift */ = {isa = PBXFileReference; lastKnownFileType = sourcecode.swift; path = duration.pb.swift; sourceTree = "<group>"; };
		OBJ_122 /* empty.pb.swift */ = {isa = PBXFileReference; lastKnownFileType = sourcecode.swift; path = empty.pb.swift; sourceTree = "<group>"; };
		OBJ_123 /* field_mask.pb.swift */ = {isa = PBXFileReference; lastKnownFileType = sourcecode.swift; path = field_mask.pb.swift; sourceTree = "<group>"; };
		OBJ_124 /* source_context.pb.swift */ = {isa = PBXFileReference; lastKnownFileType = sourcecode.swift; path = source_context.pb.swift; sourceTree = "<group>"; };
		OBJ_125 /* struct.pb.swift */ = {isa = PBXFileReference; lastKnownFileType = sourcecode.swift; path = struct.pb.swift; sourceTree = "<group>"; };
		OBJ_126 /* timestamp.pb.swift */ = {isa = PBXFileReference; lastKnownFileType = sourcecode.swift; path = timestamp.pb.swift; sourceTree = "<group>"; };
		OBJ_127 /* type.pb.swift */ = {isa = PBXFileReference; lastKnownFileType = sourcecode.swift; path = type.pb.swift; sourceTree = "<group>"; };
		OBJ_128 /* wrappers.pb.swift */ = {isa = PBXFileReference; lastKnownFileType = sourcecode.swift; path = wrappers.pb.swift; sourceTree = "<group>"; };
		OBJ_13 /* CustomModel.pb.swift */ = {isa = PBXFileReference; lastKnownFileType = sourcecode.swift; path = CustomModel.pb.swift; sourceTree = "<group>"; };
		OBJ_131 /* Package.swift */ = {isa = PBXFileReference; explicitFileType = sourcecode.swift; name = Package.swift; path = "/Users/jacopo/S4TF_TO_CoreML/.build/checkouts/swift-protobuf/Package.swift"; sourceTree = "<group>"; };
		OBJ_136 /* LICENSE */ = {isa = PBXFileReference; lastKnownFileType = text; path = LICENSE; sourceTree = "<group>"; };
		OBJ_137 /* README.md */ = {isa = PBXFileReference; lastKnownFileType = net.daringfireball.markdown; path = README.md; sourceTree = "<group>"; };
		OBJ_14 /* DataStructures.pb.swift */ = {isa = PBXFileReference; lastKnownFileType = sourcecode.swift; path = DataStructures.pb.swift; sourceTree = "<group>"; };
		OBJ_15 /* DictVectorizer.pb.swift */ = {isa = PBXFileReference; lastKnownFileType = sourcecode.swift; path = DictVectorizer.pb.swift; sourceTree = "<group>"; };
		OBJ_16 /* FeatureTypes.pb.swift */ = {isa = PBXFileReference; lastKnownFileType = sourcecode.swift; path = FeatureTypes.pb.swift; sourceTree = "<group>"; };
		OBJ_17 /* FeatureVectorizer.pb.swift */ = {isa = PBXFileReference; lastKnownFileType = sourcecode.swift; path = FeatureVectorizer.pb.swift; sourceTree = "<group>"; };
		OBJ_18 /* GLMClassifier.pb.swift */ = {isa = PBXFileReference; lastKnownFileType = sourcecode.swift; path = GLMClassifier.pb.swift; sourceTree = "<group>"; };
		OBJ_19 /* GLMRegressor.pb.swift */ = {isa = PBXFileReference; lastKnownFileType = sourcecode.swift; path = GLMRegressor.pb.swift; sourceTree = "<group>"; };
		OBJ_20 /* Gazetteer.pb.swift */ = {isa = PBXFileReference; lastKnownFileType = sourcecode.swift; path = Gazetteer.pb.swift; sourceTree = "<group>"; };
		OBJ_21 /* Identity.pb.swift */ = {isa = PBXFileReference; lastKnownFileType = sourcecode.swift; path = Identity.pb.swift; sourceTree = "<group>"; };
		OBJ_22 /* Imputer.pb.swift */ = {isa = PBXFileReference; lastKnownFileType = sourcecode.swift; path = Imputer.pb.swift; sourceTree = "<group>"; };
		OBJ_23 /* ItemSimilarityRecommender.pb.swift */ = {isa = PBXFileReference; lastKnownFileType = sourcecode.swift; path = ItemSimilarityRecommender.pb.swift; sourceTree = "<group>"; };
		OBJ_24 /* LinkedModel.pb.swift */ = {isa = PBXFileReference; lastKnownFileType = sourcecode.swift; path = LinkedModel.pb.swift; sourceTree = "<group>"; };
		OBJ_25 /* Model.pb.swift */ = {isa = PBXFileReference; lastKnownFileType = sourcecode.swift; path = Model.pb.swift; sourceTree = "<group>"; };
		OBJ_26 /* NearestNeighbors.pb.swift */ = {isa = PBXFileReference; lastKnownFileType = sourcecode.swift; path = NearestNeighbors.pb.swift; sourceTree = "<group>"; };
		OBJ_27 /* NeuralNetwork.pb.swift */ = {isa = PBXFileReference; lastKnownFileType = sourcecode.swift; path = NeuralNetwork.pb.swift; sourceTree = "<group>"; };
		OBJ_28 /* NonMaximumSuppression.pb.swift */ = {isa = PBXFileReference; lastKnownFileType = sourcecode.swift; path = NonMaximumSuppression.pb.swift; sourceTree = "<group>"; };
		OBJ_29 /* Normalizer.pb.swift */ = {isa = PBXFileReference; lastKnownFileType = sourcecode.swift; path = Normalizer.pb.swift; sourceTree = "<group>"; };
		OBJ_30 /* OneHotEncoder.pb.swift */ = {isa = PBXFileReference; lastKnownFileType = sourcecode.swift; path = OneHotEncoder.pb.swift; sourceTree = "<group>"; };
		OBJ_31 /* Parameters.pb.swift */ = {isa = PBXFileReference; lastKnownFileType = sourcecode.swift; path = Parameters.pb.swift; sourceTree = "<group>"; };
		OBJ_32 /* SVM.pb.swift */ = {isa = PBXFileReference; lastKnownFileType = sourcecode.swift; path = SVM.pb.swift; sourceTree = "<group>"; };
		OBJ_33 /* Scaler.pb.swift */ = {isa = PBXFileReference; lastKnownFileType = sourcecode.swift; path = Scaler.pb.swift; sourceTree = "<group>"; };
		OBJ_34 /* SoundAnalysisPreprocessing.pb.swift */ = {isa = PBXFileReference; lastKnownFileType = sourcecode.swift; path = SoundAnalysisPreprocessing.pb.swift; sourceTree = "<group>"; };
		OBJ_35 /* TextClassifier.pb.swift */ = {isa = PBXFileReference; lastKnownFileType = sourcecode.swift; path = TextClassifier.pb.swift; sourceTree = "<group>"; };
		OBJ_36 /* TreeEnsemble.pb.swift */ = {isa = PBXFileReference; lastKnownFileType = sourcecode.swift; path = TreeEnsemble.pb.swift; sourceTree = "<group>"; };
		OBJ_37 /* VisionFeaturePrint.pb.swift */ = {isa = PBXFileReference; lastKnownFileType = sourcecode.swift; path = VisionFeaturePrint.pb.swift; sourceTree = "<group>"; };
		OBJ_38 /* WordEmbedding.pb.swift */ = {isa = PBXFileReference; lastKnownFileType = sourcecode.swift; path = WordEmbedding.pb.swift; sourceTree = "<group>"; };
		OBJ_39 /* WordTagger.pb.swift */ = {isa = PBXFileReference; lastKnownFileType = sourcecode.swift; path = WordTagger.pb.swift; sourceTree = "<group>"; };
		OBJ_40 /* main.swift */ = {isa = PBXFileReference; lastKnownFileType = sourcecode.swift; path = main.swift; sourceTree = "<group>"; };
		OBJ_43 /* S4TF_To_CoreMLTests.swift */ = {isa = PBXFileReference; lastKnownFileType = sourcecode.swift; path = S4TF_To_CoreMLTests.swift; sourceTree = "<group>"; };
		OBJ_44 /* XCTestManifests.swift */ = {isa = PBXFileReference; lastKnownFileType = sourcecode.swift; path = XCTestManifests.swift; sourceTree = "<group>"; };
		OBJ_49 /* AnyMessageStorage.swift */ = {isa = PBXFileReference; lastKnownFileType = sourcecode.swift; path = AnyMessageStorage.swift; sourceTree = "<group>"; };
		OBJ_50 /* AnyUnpackError.swift */ = {isa = PBXFileReference; lastKnownFileType = sourcecode.swift; path = AnyUnpackError.swift; sourceTree = "<group>"; };
		OBJ_51 /* BinaryDecoder.swift */ = {isa = PBXFileReference; lastKnownFileType = sourcecode.swift; path = BinaryDecoder.swift; sourceTree = "<group>"; };
		OBJ_52 /* BinaryDecodingError.swift */ = {isa = PBXFileReference; lastKnownFileType = sourcecode.swift; path = BinaryDecodingError.swift; sourceTree = "<group>"; };
		OBJ_53 /* BinaryDecodingOptions.swift */ = {isa = PBXFileReference; lastKnownFileType = sourcecode.swift; path = BinaryDecodingOptions.swift; sourceTree = "<group>"; };
		OBJ_54 /* BinaryDelimited.swift */ = {isa = PBXFileReference; lastKnownFileType = sourcecode.swift; path = BinaryDelimited.swift; sourceTree = "<group>"; };
		OBJ_55 /* BinaryEncoder.swift */ = {isa = PBXFileReference; lastKnownFileType = sourcecode.swift; path = BinaryEncoder.swift; sourceTree = "<group>"; };
		OBJ_56 /* BinaryEncodingError.swift */ = {isa = PBXFileReference; lastKnownFileType = sourcecode.swift; path = BinaryEncodingError.swift; sourceTree = "<group>"; };
		OBJ_57 /* BinaryEncodingSizeVisitor.swift */ = {isa = PBXFileReference; lastKnownFileType = sourcecode.swift; path = BinaryEncodingSizeVisitor.swift; sourceTree = "<group>"; };
		OBJ_58 /* BinaryEncodingVisitor.swift */ = {isa = PBXFileReference; lastKnownFileType = sourcecode.swift; path = BinaryEncodingVisitor.swift; sourceTree = "<group>"; };
		OBJ_59 /* CustomJSONCodable.swift */ = {isa = PBXFileReference; lastKnownFileType = sourcecode.swift; path = CustomJSONCodable.swift; sourceTree = "<group>"; };
		OBJ_6 /* Package.swift */ = {isa = PBXFileReference; explicitFileType = sourcecode.swift; path = Package.swift; sourceTree = "<group>"; };
		OBJ_60 /* Data+Extensions.swift */ = {isa = PBXFileReference; lastKnownFileType = sourcecode.swift; path = "Data+Extensions.swift"; sourceTree = "<group>"; };
		OBJ_61 /* Decoder.swift */ = {isa = PBXFileReference; lastKnownFileType = sourcecode.swift; path = Decoder.swift; sourceTree = "<group>"; };
		OBJ_62 /* DoubleParser.swift */ = {isa = PBXFileReference; lastKnownFileType = sourcecode.swift; path = DoubleParser.swift; sourceTree = "<group>"; };
		OBJ_63 /* Enum.swift */ = {isa = PBXFileReference; lastKnownFileType = sourcecode.swift; path = Enum.swift; sourceTree = "<group>"; };
		OBJ_64 /* ExtensibleMessage.swift */ = {isa = PBXFileReference; lastKnownFileType = sourcecode.swift; path = ExtensibleMessage.swift; sourceTree = "<group>"; };
		OBJ_65 /* ExtensionFieldValueSet.swift */ = {isa = PBXFileReference; lastKnownFileType = sourcecode.swift; path = ExtensionFieldValueSet.swift; sourceTree = "<group>"; };
		OBJ_66 /* ExtensionFields.swift */ = {isa = PBXFileReference; lastKnownFileType = sourcecode.swift; path = ExtensionFields.swift; sourceTree = "<group>"; };
		OBJ_67 /* ExtensionMap.swift */ = {isa = PBXFileReference; lastKnownFileType = sourcecode.swift; path = ExtensionMap.swift; sourceTree = "<group>"; };
		OBJ_68 /* FieldTag.swift */ = {isa = PBXFileReference; lastKnownFileType = sourcecode.swift; path = FieldTag.swift; sourceTree = "<group>"; };
		OBJ_69 /* FieldTypes.swift */ = {isa = PBXFileReference; lastKnownFileType = sourcecode.swift; path = FieldTypes.swift; sourceTree = "<group>"; };
		OBJ_70 /* Google_Protobuf_Any+Extensions.swift */ = {isa = PBXFileReference; lastKnownFileType = sourcecode.swift; path = "Google_Protobuf_Any+Extensions.swift"; sourceTree = "<group>"; };
		OBJ_71 /* Google_Protobuf_Any+Registry.swift */ = {isa = PBXFileReference; lastKnownFileType = sourcecode.swift; path = "Google_Protobuf_Any+Registry.swift"; sourceTree = "<group>"; };
		OBJ_72 /* Google_Protobuf_Duration+Extensions.swift */ = {isa = PBXFileReference; lastKnownFileType = sourcecode.swift; path = "Google_Protobuf_Duration+Extensions.swift"; sourceTree = "<group>"; };
		OBJ_73 /* Google_Protobuf_FieldMask+Extensions.swift */ = {isa = PBXFileReference; lastKnownFileType = sourcecode.swift; path = "Google_Protobuf_FieldMask+Extensions.swift"; sourceTree = "<group>"; };
		OBJ_74 /* Google_Protobuf_ListValue+Extensions.swift */ = {isa = PBXFileReference; lastKnownFileType = sourcecode.swift; path = "Google_Protobuf_ListValue+Extensions.swift"; sourceTree = "<group>"; };
		OBJ_75 /* Google_Protobuf_Struct+Extensions.swift */ = {isa = PBXFileReference; lastKnownFileType = sourcecode.swift; path = "Google_Protobuf_Struct+Extensions.swift"; sourceTree = "<group>"; };
		OBJ_76 /* Google_Protobuf_Timestamp+Extensions.swift */ = {isa = PBXFileReference; lastKnownFileType = sourcecode.swift; path = "Google_Protobuf_Timestamp+Extensions.swift"; sourceTree = "<group>"; };
		OBJ_77 /* Google_Protobuf_Value+Extensions.swift */ = {isa = PBXFileReference; lastKnownFileType = sourcecode.swift; path = "Google_Protobuf_Value+Extensions.swift"; sourceTree = "<group>"; };
		OBJ_78 /* Google_Protobuf_Wrappers+Extensions.swift */ = {isa = PBXFileReference; lastKnownFileType = sourcecode.swift; path = "Google_Protobuf_Wrappers+Extensions.swift"; sourceTree = "<group>"; };
		OBJ_79 /* HashVisitor.swift */ = {isa = PBXFileReference; lastKnownFileType = sourcecode.swift; path = HashVisitor.swift; sourceTree = "<group>"; };
		OBJ_80 /* Internal.swift */ = {isa = PBXFileReference; lastKnownFileType = sourcecode.swift; path = Internal.swift; sourceTree = "<group>"; };
		OBJ_81 /* JSONDecoder.swift */ = {isa = PBXFileReference; lastKnownFileType = sourcecode.swift; path = JSONDecoder.swift; sourceTree = "<group>"; };
		OBJ_82 /* JSONDecodingError.swift */ = {isa = PBXFileReference; lastKnownFileType = sourcecode.swift; path = JSONDecodingError.swift; sourceTree = "<group>"; };
		OBJ_83 /* JSONDecodingOptions.swift */ = {isa = PBXFileReference; lastKnownFileType = sourcecode.swift; path = JSONDecodingOptions.swift; sourceTree = "<group>"; };
		OBJ_84 /* JSONEncoder.swift */ = {isa = PBXFileReference; lastKnownFileType = sourcecode.swift; path = JSONEncoder.swift; sourceTree = "<group>"; };
		OBJ_85 /* JSONEncodingError.swift */ = {isa = PBXFileReference; lastKnownFileType = sourcecode.swift; path = JSONEncodingError.swift; sourceTree = "<group>"; };
		OBJ_86 /* JSONEncodingOptions.swift */ = {isa = PBXFileReference; lastKnownFileType = sourcecode.swift; path = JSONEncodingOptions.swift; sourceTree = "<group>"; };
		OBJ_87 /* JSONEncodingVisitor.swift */ = {isa = PBXFileReference; lastKnownFileType = sourcecode.swift; path = JSONEncodingVisitor.swift; sourceTree = "<group>"; };
		OBJ_88 /* JSONMapEncodingVisitor.swift */ = {isa = PBXFileReference; lastKnownFileType = sourcecode.swift; path = JSONMapEncodingVisitor.swift; sourceTree = "<group>"; };
		OBJ_89 /* JSONScanner.swift */ = {isa = PBXFileReference; lastKnownFileType = sourcecode.swift; path = JSONScanner.swift; sourceTree = "<group>"; };
		OBJ_90 /* MathUtils.swift */ = {isa = PBXFileReference; lastKnownFileType = sourcecode.swift; path = MathUtils.swift; sourceTree = "<group>"; };
		OBJ_91 /* Message+AnyAdditions.swift */ = {isa = PBXFileReference; lastKnownFileType = sourcecode.swift; path = "Message+AnyAdditions.swift"; sourceTree = "<group>"; };
		OBJ_92 /* Message+BinaryAdditions.swift */ = {isa = PBXFileReference; lastKnownFileType = sourcecode.swift; path = "Message+BinaryAdditions.swift"; sourceTree = "<group>"; };
		OBJ_93 /* Message+JSONAdditions.swift */ = {isa = PBXFileReference; lastKnownFileType = sourcecode.swift; path = "Message+JSONAdditions.swift"; sourceTree = "<group>"; };
		OBJ_94 /* Message+JSONArrayAdditions.swift */ = {isa = PBXFileReference; lastKnownFileType = sourcecode.swift; path = "Message+JSONArrayAdditions.swift"; sourceTree = "<group>"; };
		OBJ_95 /* Message+TextFormatAdditions.swift */ = {isa = PBXFileReference; lastKnownFileType = sourcecode.swift; path = "Message+TextFormatAdditions.swift"; sourceTree = "<group>"; };
		OBJ_96 /* Message.swift */ = {isa = PBXFileReference; lastKnownFileType = sourcecode.swift; path = Message.swift; sourceTree = "<group>"; };
		OBJ_97 /* MessageExtension.swift */ = {isa = PBXFileReference; lastKnownFileType = sourcecode.swift; path = MessageExtension.swift; sourceTree = "<group>"; };
		OBJ_98 /* NameMap.swift */ = {isa = PBXFileReference; lastKnownFileType = sourcecode.swift; path = NameMap.swift; sourceTree = "<group>"; };
		OBJ_99 /* ProtoNameProviding.swift */ = {isa = PBXFileReference; lastKnownFileType = sourcecode.swift; path = ProtoNameProviding.swift; sourceTree = "<group>"; };
		"S4TF_To_CoreML::S4TF_To_CoreML::Product" /* S4TF_To_CoreML */ = {isa = PBXFileReference; lastKnownFileType = text; path = S4TF_To_CoreML; sourceTree = BUILT_PRODUCTS_DIR; };
		"S4TF_To_CoreML::S4TF_To_CoreMLTests::Product" /* S4TF_To_CoreMLTests.xctest */ = {isa = PBXFileReference; lastKnownFileType = file; path = S4TF_To_CoreMLTests.xctest; sourceTree = BUILT_PRODUCTS_DIR; };
		"SwiftProtobuf::SwiftProtobuf::Product" /* SwiftProtobuf.framework */ = {isa = PBXFileReference; explicitFileType = wrapper.framework; path = SwiftProtobuf.framework; sourceTree = BUILT_PRODUCTS_DIR; };
/* End PBXFileReference section */

/* Begin PBXFrameworksBuildPhase section */
		OBJ_174 /* Frameworks */ = {
			isa = PBXFrameworksBuildPhase;
			buildActionMask = 0;
			files = (
				OBJ_175 /* SwiftProtobuf.framework in Frameworks */,
			);
			runOnlyForDeploymentPostprocessing = 0;
		};
		OBJ_196 /* Frameworks */ = {
			isa = PBXFrameworksBuildPhase;
			buildActionMask = 0;
			files = (
				OBJ_197 /* SwiftProtobuf.framework in Frameworks */,
			);
			runOnlyForDeploymentPostprocessing = 0;
		};
		OBJ_284 /* Frameworks */ = {
			isa = PBXFrameworksBuildPhase;
			buildActionMask = 0;
			files = (
			);
			runOnlyForDeploymentPostprocessing = 0;
		};
/* End PBXFrameworksBuildPhase section */

/* Begin PBXGroup section */
		OBJ_129 /* SwiftProtobufPluginLibrary */ = {
			isa = PBXGroup;
			children = (
			);
			name = SwiftProtobufPluginLibrary;
			path = ".build/checkouts/swift-protobuf/Sources/SwiftProtobufPluginLibrary";
			sourceTree = SOURCE_ROOT;
		};
		OBJ_130 /* protoc-gen-swift */ = {
			isa = PBXGroup;
			children = (
			);
			name = "protoc-gen-swift";
			path = ".build/checkouts/swift-protobuf/Sources/protoc-gen-swift";
			sourceTree = SOURCE_ROOT;
		};
		OBJ_132 /* Products */ = {
			isa = PBXGroup;
			children = (
				"SwiftProtobuf::SwiftProtobuf::Product" /* SwiftProtobuf.framework */,
				"S4TF_To_CoreML::S4TF_To_CoreML::Product" /* S4TF_To_CoreML */,
				"S4TF_To_CoreML::S4TF_To_CoreMLTests::Product" /* S4TF_To_CoreMLTests.xctest */,
			);
			name = Products;
			sourceTree = BUILT_PRODUCTS_DIR;
		};
		OBJ_41 /* Tests */ = {
			isa = PBXGroup;
			children = (
				OBJ_42 /* S4TF_To_CoreMLTests */,
			);
			name = Tests;
			sourceTree = SOURCE_ROOT;
		};
		OBJ_42 /* S4TF_To_CoreMLTests */ = {
			isa = PBXGroup;
			children = (
				OBJ_43 /* S4TF_To_CoreMLTests.swift */,
				OBJ_44 /* XCTestManifests.swift */,
			);
			name = S4TF_To_CoreMLTests;
			path = Tests/S4TF_To_CoreMLTests;
			sourceTree = SOURCE_ROOT;
		};
		OBJ_45 /* Dependencies */ = {
			isa = PBXGroup;
			children = (
				OBJ_46 /* SwiftProtobuf 1.7.0 */,
			);
			name = Dependencies;
			sourceTree = "<group>";
		};
		OBJ_46 /* SwiftProtobuf 1.7.0 */ = {
			isa = PBXGroup;
			children = (
				OBJ_47 /* Conformance */,
				OBJ_48 /* SwiftProtobuf */,
				OBJ_129 /* SwiftProtobufPluginLibrary */,
				OBJ_130 /* protoc-gen-swift */,
				OBJ_131 /* Package.swift */,
			);
			name = "SwiftProtobuf 1.7.0";
			sourceTree = SOURCE_ROOT;
		};
		OBJ_47 /* Conformance */ = {
			isa = PBXGroup;
			children = (
			);
			name = Conformance;
			path = ".build/checkouts/swift-protobuf/Sources/Conformance";
			sourceTree = SOURCE_ROOT;
		};
		OBJ_48 /* SwiftProtobuf */ = {
			isa = PBXGroup;
			children = (
				OBJ_49 /* AnyMessageStorage.swift */,
				OBJ_50 /* AnyUnpackError.swift */,
				OBJ_51 /* BinaryDecoder.swift */,
				OBJ_52 /* BinaryDecodingError.swift */,
				OBJ_53 /* BinaryDecodingOptions.swift */,
				OBJ_54 /* BinaryDelimited.swift */,
				OBJ_55 /* BinaryEncoder.swift */,
				OBJ_56 /* BinaryEncodingError.swift */,
				OBJ_57 /* BinaryEncodingSizeVisitor.swift */,
				OBJ_58 /* BinaryEncodingVisitor.swift */,
				OBJ_59 /* CustomJSONCodable.swift */,
				OBJ_60 /* Data+Extensions.swift */,
				OBJ_61 /* Decoder.swift */,
				OBJ_62 /* DoubleParser.swift */,
				OBJ_63 /* Enum.swift */,
				OBJ_64 /* ExtensibleMessage.swift */,
				OBJ_65 /* ExtensionFieldValueSet.swift */,
				OBJ_66 /* ExtensionFields.swift */,
				OBJ_67 /* ExtensionMap.swift */,
				OBJ_68 /* FieldTag.swift */,
				OBJ_69 /* FieldTypes.swift */,
				OBJ_70 /* Google_Protobuf_Any+Extensions.swift */,
				OBJ_71 /* Google_Protobuf_Any+Registry.swift */,
				OBJ_72 /* Google_Protobuf_Duration+Extensions.swift */,
				OBJ_73 /* Google_Protobuf_FieldMask+Extensions.swift */,
				OBJ_74 /* Google_Protobuf_ListValue+Extensions.swift */,
				OBJ_75 /* Google_Protobuf_Struct+Extensions.swift */,
				OBJ_76 /* Google_Protobuf_Timestamp+Extensions.swift */,
				OBJ_77 /* Google_Protobuf_Value+Extensions.swift */,
				OBJ_78 /* Google_Protobuf_Wrappers+Extensions.swift */,
				OBJ_79 /* HashVisitor.swift */,
				OBJ_80 /* Internal.swift */,
				OBJ_81 /* JSONDecoder.swift */,
				OBJ_82 /* JSONDecodingError.swift */,
				OBJ_83 /* JSONDecodingOptions.swift */,
				OBJ_84 /* JSONEncoder.swift */,
				OBJ_85 /* JSONEncodingError.swift */,
				OBJ_86 /* JSONEncodingOptions.swift */,
				OBJ_87 /* JSONEncodingVisitor.swift */,
				OBJ_88 /* JSONMapEncodingVisitor.swift */,
				OBJ_89 /* JSONScanner.swift */,
				OBJ_90 /* MathUtils.swift */,
				OBJ_91 /* Message+AnyAdditions.swift */,
				OBJ_92 /* Message+BinaryAdditions.swift */,
				OBJ_93 /* Message+JSONAdditions.swift */,
				OBJ_94 /* Message+JSONArrayAdditions.swift */,
				OBJ_95 /* Message+TextFormatAdditions.swift */,
				OBJ_96 /* Message.swift */,
				OBJ_97 /* MessageExtension.swift */,
				OBJ_98 /* NameMap.swift */,
				OBJ_99 /* ProtoNameProviding.swift */,
				OBJ_100 /* ProtobufAPIVersionCheck.swift */,
				OBJ_101 /* ProtobufMap.swift */,
				OBJ_102 /* SelectiveVisitor.swift */,
				OBJ_103 /* SimpleExtensionMap.swift */,
				OBJ_104 /* StringUtils.swift */,
				OBJ_105 /* TextFormatDecoder.swift */,
				OBJ_106 /* TextFormatDecodingError.swift */,
				OBJ_107 /* TextFormatEncoder.swift */,
				OBJ_108 /* TextFormatEncodingOptions.swift */,
				OBJ_109 /* TextFormatEncodingVisitor.swift */,
				OBJ_110 /* TextFormatScanner.swift */,
				OBJ_111 /* TimeUtils.swift */,
				OBJ_112 /* UnknownStorage.swift */,
				OBJ_113 /* Varint.swift */,
				OBJ_114 /* Version.swift */,
				OBJ_115 /* Visitor.swift */,
				OBJ_116 /* WireFormat.swift */,
				OBJ_117 /* ZigZag.swift */,
				OBJ_118 /* any.pb.swift */,
				OBJ_119 /* api.pb.swift */,
				OBJ_120 /* descriptor.pb.swift */,
				OBJ_121 /* duration.pb.swift */,
				OBJ_122 /* empty.pb.swift */,
				OBJ_123 /* field_mask.pb.swift */,
				OBJ_124 /* source_context.pb.swift */,
				OBJ_125 /* struct.pb.swift */,
				OBJ_126 /* timestamp.pb.swift */,
				OBJ_127 /* type.pb.swift */,
				OBJ_128 /* wrappers.pb.swift */,
			);
			name = SwiftProtobuf;
			path = ".build/checkouts/swift-protobuf/Sources/SwiftProtobuf";
			sourceTree = SOURCE_ROOT;
		};
		OBJ_5 /*  */ = {
			isa = PBXGroup;
			children = (
				OBJ_6 /* Package.swift */,
				OBJ_7 /* Sources */,
				OBJ_41 /* Tests */,
				OBJ_45 /* Dependencies */,
				OBJ_132 /* Products */,
				OBJ_136 /* LICENSE */,
				OBJ_137 /* README.md */,
			);
			name = "";
			sourceTree = "<group>";
		};
		OBJ_7 /* Sources */ = {
			isa = PBXGroup;
			children = (
				OBJ_8 /* S4TF_To_CoreML */,
			);
			name = Sources;
			sourceTree = SOURCE_ROOT;
		};
		OBJ_8 /* S4TF_To_CoreML */ = {
			isa = PBXGroup;
			children = (
				OBJ_9 /* CoreMLProto */,
				OBJ_40 /* main.swift */,
			);
			name = S4TF_To_CoreML;
			path = Sources/S4TF_To_CoreML;
			sourceTree = SOURCE_ROOT;
		};
		OBJ_9 /* CoreMLProto */ = {
			isa = PBXGroup;
			children = (
				OBJ_10 /* ArrayFeatureExtractor.pb.swift */,
				OBJ_11 /* BayesianProbitRegressor.pb.swift */,
				OBJ_12 /* CategoricalMapping.pb.swift */,
				OBJ_13 /* CustomModel.pb.swift */,
				OBJ_14 /* DataStructures.pb.swift */,
				OBJ_15 /* DictVectorizer.pb.swift */,
				OBJ_16 /* FeatureTypes.pb.swift */,
				OBJ_17 /* FeatureVectorizer.pb.swift */,
				OBJ_18 /* GLMClassifier.pb.swift */,
				OBJ_19 /* GLMRegressor.pb.swift */,
				OBJ_20 /* Gazetteer.pb.swift */,
				OBJ_21 /* Identity.pb.swift */,
				OBJ_22 /* Imputer.pb.swift */,
				OBJ_23 /* ItemSimilarityRecommender.pb.swift */,
				OBJ_24 /* LinkedModel.pb.swift */,
				OBJ_25 /* Model.pb.swift */,
				OBJ_26 /* NearestNeighbors.pb.swift */,
				OBJ_27 /* NeuralNetwork.pb.swift */,
				OBJ_28 /* NonMaximumSuppression.pb.swift */,
				OBJ_29 /* Normalizer.pb.swift */,
				OBJ_30 /* OneHotEncoder.pb.swift */,
				OBJ_31 /* Parameters.pb.swift */,
				OBJ_32 /* SVM.pb.swift */,
				OBJ_33 /* Scaler.pb.swift */,
				OBJ_34 /* SoundAnalysisPreprocessing.pb.swift */,
				OBJ_35 /* TextClassifier.pb.swift */,
				OBJ_36 /* TreeEnsemble.pb.swift */,
				OBJ_37 /* VisionFeaturePrint.pb.swift */,
				OBJ_38 /* WordEmbedding.pb.swift */,
				OBJ_39 /* WordTagger.pb.swift */,
			);
			path = CoreMLProto;
			sourceTree = "<group>";
		};
/* End PBXGroup section */

/* Begin PBXNativeTarget section */
		"S4TF_To_CoreML::S4TF_To_CoreML" /* S4TF_To_CoreML */ = {
			isa = PBXNativeTarget;
			buildConfigurationList = OBJ_139 /* Build configuration list for PBXNativeTarget "S4TF_To_CoreML" */;
			buildPhases = (
				OBJ_142 /* Sources */,
				OBJ_174 /* Frameworks */,
			);
			buildRules = (
			);
			dependencies = (
				OBJ_176 /* PBXTargetDependency */,
			);
			name = S4TF_To_CoreML;
			productName = S4TF_To_CoreML;
			productReference = "S4TF_To_CoreML::S4TF_To_CoreML::Product" /* S4TF_To_CoreML */;
			productType = "com.apple.product-type.tool";
		};
		"S4TF_To_CoreML::S4TF_To_CoreMLTests" /* S4TF_To_CoreMLTests */ = {
			isa = PBXNativeTarget;
			buildConfigurationList = OBJ_190 /* Build configuration list for PBXNativeTarget "S4TF_To_CoreMLTests" */;
			buildPhases = (
				OBJ_193 /* Sources */,
				OBJ_196 /* Frameworks */,
			);
			buildRules = (
			);
			dependencies = (
				OBJ_198 /* PBXTargetDependency */,
				OBJ_199 /* PBXTargetDependency */,
			);
			name = S4TF_To_CoreMLTests;
			productName = S4TF_To_CoreMLTests;
			productReference = "S4TF_To_CoreML::S4TF_To_CoreMLTests::Product" /* S4TF_To_CoreMLTests.xctest */;
			productType = "com.apple.product-type.bundle.unit-test";
		};
		"S4TF_To_CoreML::SwiftPMPackageDescription" /* S4TF_To_CoreMLPackageDescription */ = {
			isa = PBXNativeTarget;
			buildConfigurationList = OBJ_179 /* Build configuration list for PBXNativeTarget "S4TF_To_CoreMLPackageDescription" */;
			buildPhases = (
				OBJ_182 /* Sources */,
			);
			buildRules = (
			);
			dependencies = (
			);
			name = S4TF_To_CoreMLPackageDescription;
			productName = S4TF_To_CoreMLPackageDescription;
			productType = "com.apple.product-type.framework";
		};
		"SwiftProtobuf::SwiftPMPackageDescription" /* SwiftProtobufPackageDescription */ = {
			isa = PBXNativeTarget;
			buildConfigurationList = OBJ_286 /* Build configuration list for PBXNativeTarget "SwiftProtobufPackageDescription" */;
			buildPhases = (
				OBJ_289 /* Sources */,
			);
			buildRules = (
			);
			dependencies = (
			);
			name = SwiftProtobufPackageDescription;
			productName = SwiftProtobufPackageDescription;
			productType = "com.apple.product-type.framework";
		};
		"SwiftProtobuf::SwiftProtobuf" /* SwiftProtobuf */ = {
			isa = PBXNativeTarget;
			buildConfigurationList = OBJ_200 /* Build configuration list for PBXNativeTarget "SwiftProtobuf" */;
			buildPhases = (
				OBJ_203 /* Sources */,
				OBJ_284 /* Frameworks */,
			);
			buildRules = (
			);
			dependencies = (
			);
			name = SwiftProtobuf;
			productName = SwiftProtobuf;
			productReference = "SwiftProtobuf::SwiftProtobuf::Product" /* SwiftProtobuf.framework */;
			productType = "com.apple.product-type.framework";
		};
/* End PBXNativeTarget section */

/* Begin PBXProject section */
		OBJ_1 /* Project object */ = {
			isa = PBXProject;
			attributes = {
				LastSwiftMigration = 9999;
				LastUpgradeCheck = 9999;
			};
			buildConfigurationList = OBJ_2 /* Build configuration list for PBXProject "S4TF_To_CoreML" */;
			compatibilityVersion = "Xcode 3.2";
			developmentRegion = en;
			hasScannedForEncodings = 0;
			knownRegions = (
				en,
			);
			mainGroup = OBJ_5 /*  */;
			productRefGroup = OBJ_132 /* Products */;
			projectDirPath = "";
			projectRoot = "";
			targets = (
				"S4TF_To_CoreML::S4TF_To_CoreML" /* S4TF_To_CoreML */,
				"S4TF_To_CoreML::SwiftPMPackageDescription" /* S4TF_To_CoreMLPackageDescription */,
				"S4TF_To_CoreML::S4TF_To_CoreMLPackageTests::ProductTarget" /* S4TF_To_CoreMLPackageTests */,
				"S4TF_To_CoreML::S4TF_To_CoreMLTests" /* S4TF_To_CoreMLTests */,
				"SwiftProtobuf::SwiftProtobuf" /* SwiftProtobuf */,
				"SwiftProtobuf::SwiftPMPackageDescription" /* SwiftProtobufPackageDescription */,
			);
		};
/* End PBXProject section */

/* Begin PBXSourcesBuildPhase section */
		OBJ_142 /* Sources */ = {
			isa = PBXSourcesBuildPhase;
			buildActionMask = 0;
			files = (
				OBJ_143 /* ArrayFeatureExtractor.pb.swift in Sources */,
				OBJ_144 /* BayesianProbitRegressor.pb.swift in Sources */,
				OBJ_145 /* CategoricalMapping.pb.swift in Sources */,
				OBJ_146 /* CustomModel.pb.swift in Sources */,
				OBJ_147 /* DataStructures.pb.swift in Sources */,
				OBJ_148 /* DictVectorizer.pb.swift in Sources */,
				OBJ_149 /* FeatureTypes.pb.swift in Sources */,
				OBJ_150 /* FeatureVectorizer.pb.swift in Sources */,
				OBJ_151 /* GLMClassifier.pb.swift in Sources */,
				OBJ_152 /* GLMRegressor.pb.swift in Sources */,
				OBJ_153 /* Gazetteer.pb.swift in Sources */,
				OBJ_154 /* Identity.pb.swift in Sources */,
				OBJ_155 /* Imputer.pb.swift in Sources */,
				OBJ_156 /* ItemSimilarityRecommender.pb.swift in Sources */,
				OBJ_157 /* LinkedModel.pb.swift in Sources */,
				OBJ_158 /* Model.pb.swift in Sources */,
				OBJ_159 /* NearestNeighbors.pb.swift in Sources */,
				OBJ_160 /* NeuralNetwork.pb.swift in Sources */,
				OBJ_161 /* NonMaximumSuppression.pb.swift in Sources */,
				OBJ_162 /* Normalizer.pb.swift in Sources */,
				OBJ_163 /* OneHotEncoder.pb.swift in Sources */,
				OBJ_164 /* Parameters.pb.swift in Sources */,
				OBJ_165 /* SVM.pb.swift in Sources */,
				OBJ_166 /* Scaler.pb.swift in Sources */,
				OBJ_167 /* SoundAnalysisPreprocessing.pb.swift in Sources */,
				OBJ_168 /* TextClassifier.pb.swift in Sources */,
				OBJ_169 /* TreeEnsemble.pb.swift in Sources */,
				OBJ_170 /* VisionFeaturePrint.pb.swift in Sources */,
				OBJ_171 /* WordEmbedding.pb.swift in Sources */,
				OBJ_172 /* WordTagger.pb.swift in Sources */,
				OBJ_173 /* main.swift in Sources */,
			);
			runOnlyForDeploymentPostprocessing = 0;
		};
		OBJ_182 /* Sources */ = {
			isa = PBXSourcesBuildPhase;
			buildActionMask = 0;
			files = (
				OBJ_183 /* Package.swift in Sources */,
			);
			runOnlyForDeploymentPostprocessing = 0;
		};
		OBJ_193 /* Sources */ = {
			isa = PBXSourcesBuildPhase;
			buildActionMask = 0;
			files = (
				OBJ_194 /* S4TF_To_CoreMLTests.swift in Sources */,
				OBJ_195 /* XCTestManifests.swift in Sources */,
			);
			runOnlyForDeploymentPostprocessing = 0;
		};
		OBJ_203 /* Sources */ = {
			isa = PBXSourcesBuildPhase;
			buildActionMask = 0;
			files = (
				OBJ_204 /* AnyMessageStorage.swift in Sources */,
				OBJ_205 /* AnyUnpackError.swift in Sources */,
				OBJ_206 /* BinaryDecoder.swift in Sources */,
				OBJ_207 /* BinaryDecodingError.swift in Sources */,
				OBJ_208 /* BinaryDecodingOptions.swift in Sources */,
				OBJ_209 /* BinaryDelimited.swift in Sources */,
				OBJ_210 /* BinaryEncoder.swift in Sources */,
				OBJ_211 /* BinaryEncodingError.swift in Sources */,
				OBJ_212 /* BinaryEncodingSizeVisitor.swift in Sources */,
				OBJ_213 /* BinaryEncodingVisitor.swift in Sources */,
				OBJ_214 /* CustomJSONCodable.swift in Sources */,
				OBJ_215 /* Data+Extensions.swift in Sources */,
				OBJ_216 /* Decoder.swift in Sources */,
				OBJ_217 /* DoubleParser.swift in Sources */,
				OBJ_218 /* Enum.swift in Sources */,
				OBJ_219 /* ExtensibleMessage.swift in Sources */,
				OBJ_220 /* ExtensionFieldValueSet.swift in Sources */,
				OBJ_221 /* ExtensionFields.swift in Sources */,
				OBJ_222 /* ExtensionMap.swift in Sources */,
				OBJ_223 /* FieldTag.swift in Sources */,
				OBJ_224 /* FieldTypes.swift in Sources */,
				OBJ_225 /* Google_Protobuf_Any+Extensions.swift in Sources */,
				OBJ_226 /* Google_Protobuf_Any+Registry.swift in Sources */,
				OBJ_227 /* Google_Protobuf_Duration+Extensions.swift in Sources */,
				OBJ_228 /* Google_Protobuf_FieldMask+Extensions.swift in Sources */,
				OBJ_229 /* Google_Protobuf_ListValue+Extensions.swift in Sources */,
				OBJ_230 /* Google_Protobuf_Struct+Extensions.swift in Sources */,
				OBJ_231 /* Google_Protobuf_Timestamp+Extensions.swift in Sources */,
				OBJ_232 /* Google_Protobuf_Value+Extensions.swift in Sources */,
				OBJ_233 /* Google_Protobuf_Wrappers+Extensions.swift in Sources */,
				OBJ_234 /* HashVisitor.swift in Sources */,
				OBJ_235 /* Internal.swift in Sources */,
				OBJ_236 /* JSONDecoder.swift in Sources */,
				OBJ_237 /* JSONDecodingError.swift in Sources */,
				OBJ_238 /* JSONDecodingOptions.swift in Sources */,
				OBJ_239 /* JSONEncoder.swift in Sources */,
				OBJ_240 /* JSONEncodingError.swift in Sources */,
				OBJ_241 /* JSONEncodingOptions.swift in Sources */,
				OBJ_242 /* JSONEncodingVisitor.swift in Sources */,
				OBJ_243 /* JSONMapEncodingVisitor.swift in Sources */,
				OBJ_244 /* JSONScanner.swift in Sources */,
				OBJ_245 /* MathUtils.swift in Sources */,
				OBJ_246 /* Message+AnyAdditions.swift in Sources */,
				OBJ_247 /* Message+BinaryAdditions.swift in Sources */,
				OBJ_248 /* Message+JSONAdditions.swift in Sources */,
				OBJ_249 /* Message+JSONArrayAdditions.swift in Sources */,
				OBJ_250 /* Message+TextFormatAdditions.swift in Sources */,
				OBJ_251 /* Message.swift in Sources */,
				OBJ_252 /* MessageExtension.swift in Sources */,
				OBJ_253 /* NameMap.swift in Sources */,
				OBJ_254 /* ProtoNameProviding.swift in Sources */,
				OBJ_255 /* ProtobufAPIVersionCheck.swift in Sources */,
				OBJ_256 /* ProtobufMap.swift in Sources */,
				OBJ_257 /* SelectiveVisitor.swift in Sources */,
				OBJ_258 /* SimpleExtensionMap.swift in Sources */,
				OBJ_259 /* StringUtils.swift in Sources */,
				OBJ_260 /* TextFormatDecoder.swift in Sources */,
				OBJ_261 /* TextFormatDecodingError.swift in Sources */,
				OBJ_262 /* TextFormatEncoder.swift in Sources */,
				OBJ_263 /* TextFormatEncodingOptions.swift in Sources */,
				OBJ_264 /* TextFormatEncodingVisitor.swift in Sources */,
				OBJ_265 /* TextFormatScanner.swift in Sources */,
				OBJ_266 /* TimeUtils.swift in Sources */,
				OBJ_267 /* UnknownStorage.swift in Sources */,
				OBJ_268 /* Varint.swift in Sources */,
				OBJ_269 /* Version.swift in Sources */,
				OBJ_270 /* Visitor.swift in Sources */,
				OBJ_271 /* WireFormat.swift in Sources */,
				OBJ_272 /* ZigZag.swift in Sources */,
				OBJ_273 /* any.pb.swift in Sources */,
				OBJ_274 /* api.pb.swift in Sources */,
				OBJ_275 /* descriptor.pb.swift in Sources */,
				OBJ_276 /* duration.pb.swift in Sources */,
				OBJ_277 /* empty.pb.swift in Sources */,
				OBJ_278 /* field_mask.pb.swift in Sources */,
				OBJ_279 /* source_context.pb.swift in Sources */,
				OBJ_280 /* struct.pb.swift in Sources */,
				OBJ_281 /* timestamp.pb.swift in Sources */,
				OBJ_282 /* type.pb.swift in Sources */,
				OBJ_283 /* wrappers.pb.swift in Sources */,
			);
			runOnlyForDeploymentPostprocessing = 0;
		};
		OBJ_289 /* Sources */ = {
			isa = PBXSourcesBuildPhase;
			buildActionMask = 0;
			files = (
				OBJ_290 /* Package.swift in Sources */,
			);
			runOnlyForDeploymentPostprocessing = 0;
		};
/* End PBXSourcesBuildPhase section */

/* Begin PBXTargetDependency section */
		OBJ_176 /* PBXTargetDependency */ = {
			isa = PBXTargetDependency;
			target = "SwiftProtobuf::SwiftProtobuf" /* SwiftProtobuf */;
			targetProxy = EA3885AA23B0000B003CDE4F /* PBXContainerItemProxy */;
		};
		OBJ_188 /* PBXTargetDependency */ = {
			isa = PBXTargetDependency;
			target = "S4TF_To_CoreML::S4TF_To_CoreMLTests" /* S4TF_To_CoreMLTests */;
			targetProxy = EA3885AD23B0000E003CDE4F /* PBXContainerItemProxy */;
		};
		OBJ_198 /* PBXTargetDependency */ = {
			isa = PBXTargetDependency;
			target = "S4TF_To_CoreML::S4TF_To_CoreML" /* S4TF_To_CoreML */;
			targetProxy = EA3885AB23B0000C003CDE4F /* PBXContainerItemProxy */;
		};
		OBJ_199 /* PBXTargetDependency */ = {
			isa = PBXTargetDependency;
			target = "SwiftProtobuf::SwiftProtobuf" /* SwiftProtobuf */;
			targetProxy = EA3885AC23B0000C003CDE4F /* PBXContainerItemProxy */;
		};
/* End PBXTargetDependency section */

/* Begin XCBuildConfiguration section */
		OBJ_140 /* Debug */ = {
			isa = XCBuildConfiguration;
			buildSettings = {
				FRAMEWORK_SEARCH_PATHS = (
					"$(inherited)",
					"$(PLATFORM_DIR)/Developer/Library/Frameworks",
				);
				HEADER_SEARCH_PATHS = "$(inherited)";
				INFOPLIST_FILE = S4TF_To_CoreML.xcodeproj/S4TF_To_CoreML_Info.plist;
				IPHONEOS_DEPLOYMENT_TARGET = 8.0;
				LD_RUNPATH_SEARCH_PATHS = "$(inherited) $(TOOLCHAIN_DIR)/usr/lib/swift/macosx @executable_path";
				MACOSX_DEPLOYMENT_TARGET = 10.10;
				OTHER_CFLAGS = "$(inherited)";
				OTHER_LDFLAGS = "$(inherited)";
				OTHER_SWIFT_FLAGS = "$(inherited)";
				SWIFT_ACTIVE_COMPILATION_CONDITIONS = "$(inherited)";
				SWIFT_FORCE_DYNAMIC_LINK_STDLIB = YES;
				SWIFT_FORCE_STATIC_LINK_STDLIB = NO;
				SWIFT_VERSION = 5.0;
				TARGET_NAME = S4TF_To_CoreML;
				TVOS_DEPLOYMENT_TARGET = 9.0;
				WATCHOS_DEPLOYMENT_TARGET = 2.0;
			};
			name = Debug;
		};
		OBJ_141 /* Release */ = {
			isa = XCBuildConfiguration;
			buildSettings = {
				FRAMEWORK_SEARCH_PATHS = (
					"$(inherited)",
					"$(PLATFORM_DIR)/Developer/Library/Frameworks",
				);
				HEADER_SEARCH_PATHS = "$(inherited)";
				INFOPLIST_FILE = S4TF_To_CoreML.xcodeproj/S4TF_To_CoreML_Info.plist;
				IPHONEOS_DEPLOYMENT_TARGET = 8.0;
				LD_RUNPATH_SEARCH_PATHS = "$(inherited) $(TOOLCHAIN_DIR)/usr/lib/swift/macosx @executable_path";
				MACOSX_DEPLOYMENT_TARGET = 10.10;
				OTHER_CFLAGS = "$(inherited)";
				OTHER_LDFLAGS = "$(inherited)";
				OTHER_SWIFT_FLAGS = "$(inherited)";
				SWIFT_ACTIVE_COMPILATION_CONDITIONS = "$(inherited)";
				SWIFT_FORCE_DYNAMIC_LINK_STDLIB = YES;
				SWIFT_FORCE_STATIC_LINK_STDLIB = NO;
				SWIFT_VERSION = 5.0;
				TARGET_NAME = S4TF_To_CoreML;
				TVOS_DEPLOYMENT_TARGET = 9.0;
				WATCHOS_DEPLOYMENT_TARGET = 2.0;
			};
			name = Release;
		};
		OBJ_180 /* Debug */ = {
			isa = XCBuildConfiguration;
			buildSettings = {
				LD = /usr/bin/true;
				OTHER_SWIFT_FLAGS = "-swift-version 5 -I $(TOOLCHAIN_DIR)/usr/lib/swift/pm/4_2 -target x86_64-apple-macosx10.10 -sdk /Applications/Xcode.app/Contents/Developer/Platforms/MacOSX.platform/Developer/SDKs/MacOSX10.15.sdk -package-description-version 5.1.0";
				SWIFT_VERSION = 5.0;
			};
			name = Debug;
		};
		OBJ_181 /* Release */ = {
			isa = XCBuildConfiguration;
			buildSettings = {
				LD = /usr/bin/true;
				OTHER_SWIFT_FLAGS = "-swift-version 5 -I $(TOOLCHAIN_DIR)/usr/lib/swift/pm/4_2 -target x86_64-apple-macosx10.10 -sdk /Applications/Xcode.app/Contents/Developer/Platforms/MacOSX.platform/Developer/SDKs/MacOSX10.15.sdk -package-description-version 5.1.0";
				SWIFT_VERSION = 5.0;
			};
			name = Release;
		};
		OBJ_186 /* Debug */ = {
			isa = XCBuildConfiguration;
			buildSettings = {
			};
			name = Debug;
		};
		OBJ_187 /* Release */ = {
			isa = XCBuildConfiguration;
			buildSettings = {
			};
			name = Release;
		};
		OBJ_191 /* Debug */ = {
			isa = XCBuildConfiguration;
			buildSettings = {
				CLANG_ENABLE_MODULES = YES;
				EMBEDDED_CONTENT_CONTAINS_SWIFT = YES;
				FRAMEWORK_SEARCH_PATHS = (
					"$(inherited)",
					"$(PLATFORM_DIR)/Developer/Library/Frameworks",
				);
				HEADER_SEARCH_PATHS = "$(inherited)";
				INFOPLIST_FILE = S4TF_To_CoreML.xcodeproj/S4TF_To_CoreMLTests_Info.plist;
				IPHONEOS_DEPLOYMENT_TARGET = 8.0;
				LD_RUNPATH_SEARCH_PATHS = "$(inherited) @loader_path/../Frameworks @loader_path/Frameworks";
				MACOSX_DEPLOYMENT_TARGET = 10.10;
				OTHER_CFLAGS = "$(inherited)";
				OTHER_LDFLAGS = "$(inherited)";
				OTHER_SWIFT_FLAGS = "$(inherited)";
				SWIFT_ACTIVE_COMPILATION_CONDITIONS = "$(inherited)";
				SWIFT_VERSION = 5.0;
				TARGET_NAME = S4TF_To_CoreMLTests;
				TVOS_DEPLOYMENT_TARGET = 9.0;
				WATCHOS_DEPLOYMENT_TARGET = 2.0;
			};
			name = Debug;
		};
		OBJ_192 /* Release */ = {
			isa = XCBuildConfiguration;
			buildSettings = {
				CLANG_ENABLE_MODULES = YES;
				EMBEDDED_CONTENT_CONTAINS_SWIFT = YES;
				FRAMEWORK_SEARCH_PATHS = (
					"$(inherited)",
					"$(PLATFORM_DIR)/Developer/Library/Frameworks",
				);
				HEADER_SEARCH_PATHS = "$(inherited)";
				INFOPLIST_FILE = S4TF_To_CoreML.xcodeproj/S4TF_To_CoreMLTests_Info.plist;
				IPHONEOS_DEPLOYMENT_TARGET = 8.0;
				LD_RUNPATH_SEARCH_PATHS = "$(inherited) @loader_path/../Frameworks @loader_path/Frameworks";
				MACOSX_DEPLOYMENT_TARGET = 10.10;
				OTHER_CFLAGS = "$(inherited)";
				OTHER_LDFLAGS = "$(inherited)";
				OTHER_SWIFT_FLAGS = "$(inherited)";
				SWIFT_ACTIVE_COMPILATION_CONDITIONS = "$(inherited)";
				SWIFT_VERSION = 5.0;
				TARGET_NAME = S4TF_To_CoreMLTests;
				TVOS_DEPLOYMENT_TARGET = 9.0;
				WATCHOS_DEPLOYMENT_TARGET = 2.0;
			};
			name = Release;
		};
		OBJ_201 /* Debug */ = {
			isa = XCBuildConfiguration;
			buildSettings = {
				ENABLE_TESTABILITY = YES;
				FRAMEWORK_SEARCH_PATHS = (
					"$(inherited)",
					"$(PLATFORM_DIR)/Developer/Library/Frameworks",
				);
				HEADER_SEARCH_PATHS = "$(inherited)";
				INFOPLIST_FILE = S4TF_To_CoreML.xcodeproj/SwiftProtobuf_Info.plist;
				LD_RUNPATH_SEARCH_PATHS = "$(inherited) $(TOOLCHAIN_DIR)/usr/lib/swift/macosx";
				OTHER_CFLAGS = "$(inherited)";
				OTHER_LDFLAGS = "$(inherited)";
				OTHER_SWIFT_FLAGS = "$(inherited)";
				PRODUCT_BUNDLE_IDENTIFIER = SwiftProtobuf;
				PRODUCT_MODULE_NAME = "$(TARGET_NAME:c99extidentifier)";
				PRODUCT_NAME = "$(TARGET_NAME:c99extidentifier)";
				SKIP_INSTALL = YES;
				SWIFT_ACTIVE_COMPILATION_CONDITIONS = "$(inherited)";
				SWIFT_VERSION = 5.0;
				TARGET_NAME = SwiftProtobuf;
			};
			name = Debug;
		};
		OBJ_202 /* Release */ = {
			isa = XCBuildConfiguration;
			buildSettings = {
				ENABLE_TESTABILITY = YES;
				FRAMEWORK_SEARCH_PATHS = (
					"$(inherited)",
					"$(PLATFORM_DIR)/Developer/Library/Frameworks",
				);
				HEADER_SEARCH_PATHS = "$(inherited)";
				INFOPLIST_FILE = S4TF_To_CoreML.xcodeproj/SwiftProtobuf_Info.plist;
				LD_RUNPATH_SEARCH_PATHS = "$(inherited) $(TOOLCHAIN_DIR)/usr/lib/swift/macosx";
				OTHER_CFLAGS = "$(inherited)";
				OTHER_LDFLAGS = "$(inherited)";
				OTHER_SWIFT_FLAGS = "$(inherited)";
				PRODUCT_BUNDLE_IDENTIFIER = SwiftProtobuf;
				PRODUCT_MODULE_NAME = "$(TARGET_NAME:c99extidentifier)";
				PRODUCT_NAME = "$(TARGET_NAME:c99extidentifier)";
				SKIP_INSTALL = YES;
				SWIFT_ACTIVE_COMPILATION_CONDITIONS = "$(inherited)";
				SWIFT_VERSION = 5.0;
				TARGET_NAME = SwiftProtobuf;
			};
			name = Release;
		};
		OBJ_287 /* Debug */ = {
			isa = XCBuildConfiguration;
			buildSettings = {
				LD = /usr/bin/true;
				OTHER_SWIFT_FLAGS = "-swift-version 4.2 -I $(TOOLCHAIN_DIR)/usr/lib/swift/pm/4_2 -target x86_64-apple-macosx10.10 -sdk /Applications/Xcode.app/Contents/Developer/Platforms/MacOSX.platform/Developer/SDKs/MacOSX10.15.sdk -package-description-version 4.2.0";
				SWIFT_VERSION = 4.2;
			};
			name = Debug;
		};
		OBJ_288 /* Release */ = {
			isa = XCBuildConfiguration;
			buildSettings = {
				LD = /usr/bin/true;
				OTHER_SWIFT_FLAGS = "-swift-version 4.2 -I $(TOOLCHAIN_DIR)/usr/lib/swift/pm/4_2 -target x86_64-apple-macosx10.10 -sdk /Applications/Xcode.app/Contents/Developer/Platforms/MacOSX.platform/Developer/SDKs/MacOSX10.15.sdk -package-description-version 4.2.0";
				SWIFT_VERSION = 4.2;
			};
			name = Release;
		};
		OBJ_3 /* Debug */ = {
			isa = XCBuildConfiguration;
			buildSettings = {
				CLANG_ENABLE_OBJC_ARC = YES;
				COMBINE_HIDPI_IMAGES = YES;
				COPY_PHASE_STRIP = NO;
				DEBUG_INFORMATION_FORMAT = dwarf;
				DYLIB_INSTALL_NAME_BASE = "@rpath";
				ENABLE_NS_ASSERTIONS = YES;
				GCC_OPTIMIZATION_LEVEL = 0;
				GCC_PREPROCESSOR_DEFINITIONS = (
					"$(inherited)",
					"SWIFT_PACKAGE=1",
					"DEBUG=1",
				);
				MACOSX_DEPLOYMENT_TARGET = 10.10;
				ONLY_ACTIVE_ARCH = YES;
				OTHER_SWIFT_FLAGS = "$(inherited) -DXcode";
				PRODUCT_NAME = "$(TARGET_NAME)";
				SDKROOT = macosx;
				SUPPORTED_PLATFORMS = "macosx iphoneos iphonesimulator appletvos appletvsimulator watchos watchsimulator";
				SWIFT_ACTIVE_COMPILATION_CONDITIONS = "$(inherited) SWIFT_PACKAGE DEBUG";
				SWIFT_OPTIMIZATION_LEVEL = "-Onone";
				USE_HEADERMAP = NO;
			};
			name = Debug;
		};
		OBJ_4 /* Release */ = {
			isa = XCBuildConfiguration;
			buildSettings = {
				CLANG_ENABLE_OBJC_ARC = YES;
				COMBINE_HIDPI_IMAGES = YES;
				COPY_PHASE_STRIP = YES;
				DEBUG_INFORMATION_FORMAT = "dwarf-with-dsym";
				DYLIB_INSTALL_NAME_BASE = "@rpath";
				GCC_OPTIMIZATION_LEVEL = s;
				GCC_PREPROCESSOR_DEFINITIONS = (
					"$(inherited)",
					"SWIFT_PACKAGE=1",
				);
				MACOSX_DEPLOYMENT_TARGET = 10.10;
				OTHER_SWIFT_FLAGS = "$(inherited) -DXcode";
				PRODUCT_NAME = "$(TARGET_NAME)";
				SDKROOT = macosx;
				SUPPORTED_PLATFORMS = "macosx iphoneos iphonesimulator appletvos appletvsimulator watchos watchsimulator";
				SWIFT_ACTIVE_COMPILATION_CONDITIONS = "$(inherited) SWIFT_PACKAGE";
				SWIFT_OPTIMIZATION_LEVEL = "-Owholemodule";
				USE_HEADERMAP = NO;
			};
			name = Release;
		};
/* End XCBuildConfiguration section */

/* Begin XCConfigurationList section */
		OBJ_139 /* Build configuration list for PBXNativeTarget "S4TF_To_CoreML" */ = {
			isa = XCConfigurationList;
			buildConfigurations = (
				OBJ_140 /* Debug */,
				OBJ_141 /* Release */,
			);
			defaultConfigurationIsVisible = 0;
			defaultConfigurationName = Release;
		};
		OBJ_179 /* Build configuration list for PBXNativeTarget "S4TF_To_CoreMLPackageDescription" */ = {
			isa = XCConfigurationList;
			buildConfigurations = (
				OBJ_180 /* Debug */,
				OBJ_181 /* Release */,
			);
			defaultConfigurationIsVisible = 0;
			defaultConfigurationName = Release;
		};
		OBJ_185 /* Build configuration list for PBXAggregateTarget "S4TF_To_CoreMLPackageTests" */ = {
			isa = XCConfigurationList;
			buildConfigurations = (
				OBJ_186 /* Debug */,
				OBJ_187 /* Release */,
			);
			defaultConfigurationIsVisible = 0;
			defaultConfigurationName = Release;
		};
		OBJ_190 /* Build configuration list for PBXNativeTarget "S4TF_To_CoreMLTests" */ = {
			isa = XCConfigurationList;
			buildConfigurations = (
				OBJ_191 /* Debug */,
				OBJ_192 /* Release */,
			);
			defaultConfigurationIsVisible = 0;
			defaultConfigurationName = Release;
		};
		OBJ_2 /* Build configuration list for PBXProject "S4TF_To_CoreML" */ = {
			isa = XCConfigurationList;
			buildConfigurations = (
				OBJ_3 /* Debug */,
				OBJ_4 /* Release */,
			);
			defaultConfigurationIsVisible = 0;
			defaultConfigurationName = Release;
		};
		OBJ_200 /* Build configuration list for PBXNativeTarget "SwiftProtobuf" */ = {
			isa = XCConfigurationList;
			buildConfigurations = (
				OBJ_201 /* Debug */,
				OBJ_202 /* Release */,
			);
			defaultConfigurationIsVisible = 0;
			defaultConfigurationName = Release;
		};
		OBJ_286 /* Build configuration list for PBXNativeTarget "SwiftProtobufPackageDescription" */ = {
			isa = XCConfigurationList;
			buildConfigurations = (
				OBJ_287 /* Debug */,
				OBJ_288 /* Release */,
			);
			defaultConfigurationIsVisible = 0;
			defaultConfigurationName = Release;
		};
/* End XCConfigurationList section */
	};
	rootObject = OBJ_1 /* Project object */;
}
